
Microsoft Visual Studio Solution File, Format Version 12.00
# Visual Studio Version 17
VisualStudioVersion = 17.0.31903.59
MinimumVisualStudioVersion = 10.0.40219.1
Project("{FAE04EC0-301F-11D3-BF4B-00C04F79EFBC}") = "OpenClassroomApi", "OpenClassroomApi\OpenClassroomApi.csproj", "{72513B51-9F57-47C4-9140-218B2C913698}"
EndProject
Project("{FAE04EC0-301F-11D3-BF4B-00C04F79EFBC}") = "OpenClassroomApi.Data", "OpenClassroomApi.Data\OpenClassroomApi.Data.csproj", "{26247240-CB7E-4F28-A984-7638B0A9A07A}"
EndProject
Global
	GlobalSection(SolutionConfigurationPlatforms) = preSolution
		Debug|Any CPU = Debug|Any CPU
		Release|Any CPU = Release|Any CPU
	EndGlobalSection
	GlobalSection(ProjectConfigurationPlatforms) = postSolution
		{72513B51-9F57-47C4-9140-218B2C913698}.Debug|Any CPU.ActiveCfg = Debug|Any CPU
		{72513B51-9F57-47C4-9140-218B2C913698}.Debug|Any CPU.Build.0 = Debug|Any CPU
		{72513B51-9F57-47C4-9140-218B2C913698}.Release|Any CPU.ActiveCfg = Release|Any CPU
		{72513B51-9F57-47C4-9140-218B2C913698}.Release|Any CPU.Build.0 = Release|Any CPU
		{26247240-CB7E-4F28-A984-7638B0A9A07A}.Debug|Any CPU.ActiveCfg = Debug|Any CPU
		{26247240-CB7E-4F28-A984-7638B0A9A07A}.Debug|Any CPU.Build.0 = Debug|Any CPU
		{26247240-CB7E-4F28-A984-7638B0A9A07A}.Release|Any CPU.ActiveCfg = Release|Any CPU
		{26247240-CB7E-4F28-A984-7638B0A9A07A}.Release|Any CPU.Build.0 = Release|Any CPU
	EndGlobalSection
	GlobalSection(SolutionProperties) = preSolution
		HideSolutionNode = FALSE
	EndGlobalSection
	GlobalSection(ExtensibilityGlobals) = postSolution
		SolutionGuid = {F0344E06-B7CC-4B71-9C9E-6BE1BAD0054A}
	EndGlobalSection
EndGlobal
